
Microsoft Visual Studio Solution File, Format Version 12.00
# Visual Studio Version 16
VisualStudioVersion = 16.0.28729.10
MinimumVisualStudioVersion = 10.0.40219.1
Project("{2150E333-8FDC-42A3-9474-1A3956D46DE8}") = "Solution Items", "Solution Items", "{400B0B94-AD63-42DA-BF84-BCDAAA454F38}"
EndProject
Project("{FAE04EC0-301F-11D3-BF4B-00C04F79EFBC}") = "Sharp6800", "Sharp6800\Sharp6800.csproj", "{4124C3D6-3760-4766-BEDB-C3F30B514B63}"
EndProject
Project("{FAE04EC0-301F-11D3-BF4B-00C04F79EFBC}") = "Core6800", "Core6800\Core6800.csproj", "{310F0583-6DAC-4742-B4F5-E8D3C3870ED8}"
EndProject
Project("{FAE04EC0-301F-11D3-BF4B-00C04F79EFBC}") = "UnitTests", "UnitTests\UnitTests.csproj", "{9874CF28-9DD1-4384-800C-ADDD73E570A5}"
EndProject
Project("{FAE04EC0-301F-11D3-BF4B-00C04F79EFBC}") = "TestApp", "..\TestApp\TestApp.csproj", "{448EC1CC-09DE-4306-BE38-C3E110A7B4FD}"
EndProject
Global
	GlobalSection(SolutionConfigurationPlatforms) = preSolution
		Debug|Any CPU = Debug|Any CPU
		Release|Any CPU = Release|Any CPU
	EndGlobalSection
	GlobalSection(ProjectConfigurationPlatforms) = postSolution
		{4124C3D6-3760-4766-BEDB-C3F30B514B63}.Debug|Any CPU.ActiveCfg = Debug|Any CPU
		{4124C3D6-3760-4766-BEDB-C3F30B514B63}.Debug|Any CPU.Build.0 = Debug|Any CPU
		{4124C3D6-3760-4766-BEDB-C3F30B514B63}.Release|Any CPU.ActiveCfg = Release|Any CPU
		{4124C3D6-3760-4766-BEDB-C3F30B514B63}.Release|Any CPU.Build.0 = Release|Any CPU
		{310F0583-6DAC-4742-B4F5-E8D3C3870ED8}.Debug|Any CPU.ActiveCfg = Debug|Any CPU
		{310F0583-6DAC-4742-B4F5-E8D3C3870ED8}.Debug|Any CPU.Build.0 = Debug|Any CPU
		{310F0583-6DAC-4742-B4F5-E8D3C3870ED8}.Release|Any CPU.ActiveCfg = Release|Any CPU
		{310F0583-6DAC-4742-B4F5-E8D3C3870ED8}.Release|Any CPU.Build.0 = Release|Any CPU
		{9874CF28-9DD1-4384-800C-ADDD73E570A5}.Debug|Any CPU.ActiveCfg = Debug|Any CPU
		{9874CF28-9DD1-4384-800C-ADDD73E570A5}.Debug|Any CPU.Build.0 = Debug|Any CPU
		{9874CF28-9DD1-4384-800C-ADDD73E570A5}.Release|Any CPU.ActiveCfg = Release|Any CPU
		{9874CF28-9DD1-4384-800C-ADDD73E570A5}.Release|Any CPU.Build.0 = Release|Any CPU
		{448EC1CC-09DE-4306-BE38-C3E110A7B4FD}.Debug|Any CPU.ActiveCfg = Debug|Any CPU
		{448EC1CC-09DE-4306-BE38-C3E110A7B4FD}.Debug|Any CPU.Build.0 = Debug|Any CPU
		{448EC1CC-09DE-4306-BE38-C3E110A7B4FD}.Release|Any CPU.ActiveCfg = Release|Any CPU
		{448EC1CC-09DE-4306-BE38-C3E110A7B4FD}.Release|Any CPU.Build.0 = Release|Any CPU
	EndGlobalSection
	GlobalSection(SolutionProperties) = preSolution
		HideSolutionNode = FALSE
	EndGlobalSection
	GlobalSection(ExtensibilityGlobals) = postSolution
		SolutionGuid = {5C5B2A15-39A3-4DC5-9EB3-B07D179D206C}
	EndGlobalSection
EndGlobal
